
Microsoft Visual Studio Solution File, Format Version 12.00
# Visual Studio Version 17
VisualStudioVersion = 17.6.33829.357
MinimumVisualStudioVersion = 10.0.40219.1
Project("{FAE04EC0-301F-11D3-BF4B-00C04F79EFBC}") = "IdentityDatabase", "IdentityDatabase.csproj", "{2DEAADD1-5F2C-49DB-BBAD-3445EAA7F7EF}"
EndProject
Global
	GlobalSection(SolutionConfigurationPlatforms) = preSolution
		Debug|Any CPU = Debug|Any CPU
		Release|Any CPU = Release|Any CPU
	EndGlobalSection
	GlobalSection(ProjectConfigurationPlatforms) = postSolution
		{2DEAADD1-5F2C-49DB-BBAD-3445EAA7F7EF}.Debug|Any CPU.ActiveCfg = Debug|Any CPU
		{2DEAADD1-5F2C-49DB-BBAD-3445EAA7F7EF}.Debug|Any CPU.Build.0 = Debug|Any CPU
		{2DEAADD1-5F2C-49DB-BBAD-3445EAA7F7EF}.Release|Any CPU.ActiveCfg = Release|Any CPU
		{2DEAADD1-5F2C-49DB-BBAD-3445EAA7F7EF}.Release|Any CPU.Build.0 = Release|Any CPU
	EndGlobalSection
	GlobalSection(SolutionProperties) = preSolution
		HideSolutionNode = FALSE
	EndGlobalSection
	GlobalSection(ExtensibilityGlobals) = postSolution
		SolutionGuid = {BE37CC9D-D1E1-469E-92A8-E15B49A944D0}
	EndGlobalSection
EndGlobal
